
Microsoft Visual Studio Solution File, Format Version 12.00
# Visual Studio 15
VisualStudioVersion = 15.0.28010.2016
MinimumVisualStudioVersion = 10.0.40219.1
Project("{FAE04EC0-301F-11D3-BF4B-00C04F79EFBC}") = "Array", "Array\Array.csproj", "{216E6E13-0737-43B4-A435-55FE2CBBCBD6}"
EndProject
Project("{FAE04EC0-301F-11D3-BF4B-00C04F79EFBC}") = "task2", "task2\task2.csproj", "{884772E5-3877-4ED7-A24F-E6957FE2A270}"
EndProject
Global
	GlobalSection(SolutionConfigurationPlatforms) = preSolution
		Debug|Any CPU = Debug|Any CPU
		Release|Any CPU = Release|Any CPU
	EndGlobalSection
	GlobalSection(ProjectConfigurationPlatforms) = postSolution
		{216E6E13-0737-43B4-A435-55FE2CBBCBD6}.Debug|Any CPU.ActiveCfg = Debug|Any CPU
		{216E6E13-0737-43B4-A435-55FE2CBBCBD6}.Debug|Any CPU.Build.0 = Debug|Any CPU
		{216E6E13-0737-43B4-A435-55FE2CBBCBD6}.Release|Any CPU.ActiveCfg = Release|Any CPU
		{216E6E13-0737-43B4-A435-55FE2CBBCBD6}.Release|Any CPU.Build.0 = Release|Any CPU
		{884772E5-3877-4ED7-A24F-E6957FE2A270}.Debug|Any CPU.ActiveCfg = Debug|Any CPU
		{884772E5-3877-4ED7-A24F-E6957FE2A270}.Debug|Any CPU.Build.0 = Debug|Any CPU
		{884772E5-3877-4ED7-A24F-E6957FE2A270}.Release|Any CPU.ActiveCfg = Release|Any CPU
		{884772E5-3877-4ED7-A24F-E6957FE2A270}.Release|Any CPU.Build.0 = Release|Any CPU
	EndGlobalSection
	GlobalSection(SolutionProperties) = preSolution
		HideSolutionNode = FALSE
	EndGlobalSection
	GlobalSection(ExtensibilityGlobals) = postSolution
		SolutionGuid = {0D949C5D-305A-4D08-8CD8-2AE2CB6F756B}
	EndGlobalSection
EndGlobal
